
Microsoft Visual Studio Solution File, Format Version 12.00
# Visual Studio Version 17
VisualStudioVersion = 17.10.35027.167
MinimumVisualStudioVersion = 10.0.40219.1
Project("{9A19103F-16F7-4668-BE54-9A1E7A4F7556}") = "UmbralPhoenix.Game", "UmbralPhoenix.Game\UmbralPhoenix.Game.csproj", "{79F28A18-20B0-4ADB-98AA-6E71D837A653}"
EndProject
Project("{2150E333-8FDC-42A3-9474-1A3956D46DE8}") = "Solution Items", "Solution Items", "{F65A07AE-45D1-4F76-A809-BCEEC5EE4965}"
	ProjectSection(SolutionItems) = preProject
		..\.gitignore = ..\.gitignore
	EndProjectSection
EndProject
Global
	GlobalSection(SolutionConfigurationPlatforms) = preSolution
		Debug|Any CPU = Debug|Any CPU
		Release|Any CPU = Release|Any CPU
	EndGlobalSection
	GlobalSection(ProjectConfigurationPlatforms) = postSolution
		{79F28A18-20B0-4ADB-98AA-6E71D837A653}.Debug|Any CPU.ActiveCfg = Debug|Any CPU
		{79F28A18-20B0-4ADB-98AA-6E71D837A653}.Debug|Any CPU.Build.0 = Debug|Any CPU
		{79F28A18-20B0-4ADB-98AA-6E71D837A653}.Release|Any CPU.ActiveCfg = Release|Any CPU
		{79F28A18-20B0-4ADB-98AA-6E71D837A653}.Release|Any CPU.Build.0 = Release|Any CPU
	EndGlobalSection
	GlobalSection(SolutionProperties) = preSolution
		HideSolutionNode = FALSE
	EndGlobalSection
	GlobalSection(ExtensibilityGlobals) = postSolution
		SolutionGuid = {114244EE-4767-43DF-B71F-2A7544CEF1A3}
	EndGlobalSection
EndGlobal
